
Microsoft Visual Studio Solution File, Format Version 12.00
# Visual Studio Version 16
VisualStudioVersion = 16.0.31702.278
MinimumVisualStudioVersion = 10.0.40219.1
Project("{9A19103F-16F7-4668-BE54-9A1E7A4F7556}") = "Login", "Login.csproj", "{64E4DF9F-D1B9-4270-BCC8-EB883EBE001B}"
EndProject
Project("{9A19103F-16F7-4668-BE54-9A1E7A4F7556}") = "LoginTests", "LoginTests\LoginTests.csproj", "{E031E58F-DCFE-407A-9AFF-D2C6FD5C2120}"
EndProject
Global
	GlobalSection(SolutionConfigurationPlatforms) = preSolution
		Debug|Any CPU = Debug|Any CPU
		Release|Any CPU = Release|Any CPU
	EndGlobalSection
	GlobalSection(ProjectConfigurationPlatforms) = postSolution
		{64E4DF9F-D1B9-4270-BCC8-EB883EBE001B}.Debug|Any CPU.ActiveCfg = Debug|Any CPU
		{64E4DF9F-D1B9-4270-BCC8-EB883EBE001B}.Debug|Any CPU.Build.0 = Debug|Any CPU
		{64E4DF9F-D1B9-4270-BCC8-EB883EBE001B}.Release|Any CPU.ActiveCfg = Release|Any CPU
		{64E4DF9F-D1B9-4270-BCC8-EB883EBE001B}.Release|Any CPU.Build.0 = Release|Any CPU
		{E031E58F-DCFE-407A-9AFF-D2C6FD5C2120}.Debug|Any CPU.ActiveCfg = Debug|Any CPU
		{E031E58F-DCFE-407A-9AFF-D2C6FD5C2120}.Debug|Any CPU.Build.0 = Debug|Any CPU
		{E031E58F-DCFE-407A-9AFF-D2C6FD5C2120}.Release|Any CPU.ActiveCfg = Release|Any CPU
		{E031E58F-DCFE-407A-9AFF-D2C6FD5C2120}.Release|Any CPU.Build.0 = Release|Any CPU
	EndGlobalSection
	GlobalSection(SolutionProperties) = preSolution
		HideSolutionNode = FALSE
	EndGlobalSection
	GlobalSection(ExtensibilityGlobals) = postSolution
		SolutionGuid = {AD3B0C87-9060-4683-9E81-3044FDB4BA29}
	EndGlobalSection
EndGlobal
